{
  "name": "travel-site",
  "version": "1.0.0",
  "lockfileVersion": 2,
  "requires": true,
  "packages": {
    "": {
      "name": "travel-site",
      "version": "1.0.0",
      "license": "ISC",
      "dependencies": {
        "loaddash": "^0.0.1-security",
        "normalize.css": "^8.0.1"
      }
    },
    "node_modules/loaddash": {
      "version": "0.0.1-security",
      "resolved": "https://registry.npmjs.org/loaddash/-/loaddash-0.0.1-security.tgz",
      "integrity": "sha512-ovgHAIq4QU07zf2cVcEKVdl00ybh2QozXVNT7dEYQcM1RurK/2zliALkkX29b9qwSp+67AT2DSAP5jFme0c6Yw=="
    },
    "node_modules/normalize.css": {
      "version": "8.0.1",
      "resolved": "https://registry.npmjs.org/normalize.css/-/normalize.css-8.0.1.tgz",
      "integrity": "sha512-qizSNPO93t1YUuUhP22btGOo3chcvDFqFaj2TRybP0DMxkHOCTYwp3n34fel4a31ORXy4m1Xq0Gyqpb5m33qIg=="
    }
  },
  "dependencies": {
    "loaddash": {
      "version": "0.0.1-security",
      "resolved": "https://registry.npmjs.org/loaddash/-/loaddash-0.0.1-security.tgz",
      "integrity": "sha512-ovgHAIq4QU07zf2cVcEKVdl00ybh2QozXVNT7dEYQcM1RurK/2zliALkkX29b9qwSp+67AT2DSAP5jFme0c6Yw=="
    },
    "normalize.css": {
      "version": "8.0.1",
      "resolved": "https://registry.npmjs.org/normalize.css/-/normalize.css-8.0.1.tgz",
      "integrity": "sha512-qizSNPO93t1YUuUhP22btGOo3chcvDFqFaj2TRybP0DMxkHOCTYwp3n34fel4a31ORXy4m1Xq0Gyqpb5m33qIg=="
    }
  }
}
